
Microsoft Visual Studio Solution File, Format Version 12.00
# Visual Studio Version 16
VisualStudioVersion = 16.0.31105.61
MinimumVisualStudioVersion = 10.0.40219.1
Project("{FAE04EC0-301F-11D3-BF4B-00C04F79EFBC}") = "Ejer01", "Ejer01\Ejer01.csproj", "{EDFB23B4-AD2B-4976-9560-3189E7EB1364}"
EndProject
Project("{FAE04EC0-301F-11D3-BF4B-00C04F79EFBC}") = "Ejercicio 02 guia", "Ejercicio 02 guia\Ejercicio 02 guia.csproj", "{297CE49A-975C-4820-8751-1FD4EED06BA7}"
EndProject
Project("{FAE04EC0-301F-11D3-BF4B-00C04F79EFBC}") = "PracticaFormatos", "PracticaFormatos\PracticaFormatos.csproj", "{B23818D5-1BCA-48E1-9A83-C89242F66DF0}"
EndProject
Project("{FAE04EC0-301F-11D3-BF4B-00C04F79EFBC}") = "Clase_02", "Clase_02\Clase_02.csproj", "{E8732D58-9206-43C8-A728-B09743E11DFE}"
EndProject
Project("{FAE04EC0-301F-11D3-BF4B-00C04F79EFBC}") = "PracticaSello", "PracticaSello\PracticaSello.csproj", "{F444484D-1C57-4006-89D5-F9EC6649B15D}"
EndProject
Project("{FAE04EC0-301F-11D3-BF4B-00C04F79EFBC}") = "Clase_03", "Clase_03\Clase_03.csproj", "{58AB03E7-85C2-453D-929A-624E704DD718}"
EndProject
Project("{FAE04EC0-301F-11D3-BF4B-00C04F79EFBC}") = "Clase_04", "Clase_04\Clase_04.csproj", "{20AD564F-CE45-413C-AA82-9E61280E65FD}"
EndProject
Project("{FAE04EC0-301F-11D3-BF4B-00C04F79EFBC}") = "Clase_04_Ejercicio", "Clase_05_Ejercicio\Clase_04_Ejercicio.csproj", "{9DE63EAA-FBFA-4A4C-978F-B73D2ABA287E}"
EndProject
Project("{FAE04EC0-301F-11D3-BF4B-00C04F79EFBC}") = "Clase_05", "Clase_05\Clase_05.csproj", "{83D96E1C-A474-466B-9D15-A90C0527C43E}"
EndProject
Project("{FAE04EC0-301F-11D3-BF4B-00C04F79EFBC}") = "NuevaBiblioteca", "NuevaBiblioteca\NuevaBiblioteca.csproj", "{A5CFCE4F-1B6F-403A-B1DC-2BD411CBBD1F}"
EndProject
Project("{FAE04EC0-301F-11D3-BF4B-00C04F79EFBC}") = "Ejercicio_Clase_05", "Ejercicio_Clase_05\Ejercicio_Clase_05.csproj", "{0FAEC473-9458-4C4F-9DE1-DE73B2E6D460}"
EndProject
Project("{FAE04EC0-301F-11D3-BF4B-00C04F79EFBC}") = "Entidades", "Entidades\Entidades.csproj", "{1A0222F1-CC11-4788-BDDF-A749304D5293}"
EndProject
Project("{FAE04EC0-301F-11D3-BF4B-00C04F79EFBC}") = "Clase_07_Ejemplo", "Clase_07_Ejemplo\Clase_07_Ejemplo.csproj", "{C57F9C4B-FB74-44AE-BE6D-5C30809ABFC5}"
EndProject
Project("{FAE04EC0-301F-11D3-BF4B-00C04F79EFBC}") = "Clase_07_Ejercicio", "Clase_07_Ejercicio\Clase_07_Ejercicio.csproj", "{95D60A31-D01E-4E9D-A2C9-D7B042F955BE}"
EndProject
Project("{FAE04EC0-301F-11D3-BF4B-00C04F79EFBC}") = "Clase_08_TestClase7", "Clase_08_TestClase7\Clase_08_TestClase7.csproj", "{EBBEF8FC-D42E-48AD-9943-61821BF4703C}"
EndProject
Project("{FAE04EC0-301F-11D3-BF4B-00C04F79EFBC}") = "Clase_10_Ejercicio", "Clase_10_Ejercicio\Clase_10_Ejercicio.csproj", "{65FE2731-B4BF-4E2E-BE7A-1E61C068B65A}"
EndProject
Project("{FAE04EC0-301F-11D3-BF4B-00C04F79EFBC}") = "Clase_10_PruebaConsola", "Clase_10_PruebaConsola\Clase_10_PruebaConsola.csproj", "{9CC83EDD-1D5B-4016-97EA-FDB023E5F0B7}"
EndProject
Project("{FAE04EC0-301F-11D3-BF4B-00C04F79EFBC}") = "Clase_9_practica", "Clase_9_practica\Clase_9_practica.csproj", "{530D0720-06B7-41F1-A820-8BD8FEFFB0DC}"
EndProject
Project("{FAE04EC0-301F-11D3-BF4B-00C04F79EFBC}") = "Clase_9", "Clase_9\Clase_9.csproj", "{349BC5BD-B982-4F24-9601-68D21D59E7E9}"
EndProject
Project("{FAE04EC0-301F-11D3-BF4B-00C04F79EFBC}") = "Clase_11", "Clase_11\Clase_11.csproj", "{FFEB7DF2-C8EB-4C8E-ADA5-4FD554FD0E6A}"
EndProject
Project("{FAE04EC0-301F-11D3-BF4B-00C04F79EFBC}") = "Clase_11_Prueba", "Clase_11_Prueba\Clase_11_Prueba.csproj", "{D78B2A0A-32DA-43CA-BEBD-61AA70EA3891}"
EndProject
Project("{FAE04EC0-301F-11D3-BF4B-00C04F79EFBC}") = "Clase_12_PracticaParcial", "Clase_12_PracticaParcial\Clase_12_PracticaParcial.csproj", "{49999D46-D29C-4C5E-AA88-EED01558DAF8}"
EndProject
Project("{FAE04EC0-301F-11D3-BF4B-00C04F79EFBC}") = "Clase_12_ConsolaPrueba", "Clase_12_ConsolaPrueba\Clase_12_ConsolaPrueba.csproj", "{48A0DEB5-D873-4DB2-998B-20FD2446D39F}"
EndProject
Project("{FAE04EC0-301F-11D3-BF4B-00C04F79EFBC}") = "PracticaParcial", "PracticaParcial\PracticaParcial.csproj", "{587D9621-1EA3-45BF-9603-25CC643DC4E5}"
EndProject
Project("{FAE04EC0-301F-11D3-BF4B-00C04F79EFBC}") = "PracticaParcial_Formulario", "PracticaParcial_Formulario\PracticaParcial_Formulario.csproj", "{C92AF2B0-BB99-4984-A896-6F66315BAA95}"
EndProject
Global
	GlobalSection(SolutionConfigurationPlatforms) = preSolution
		Debug|Any CPU = Debug|Any CPU
		Release|Any CPU = Release|Any CPU
	EndGlobalSection
	GlobalSection(ProjectConfigurationPlatforms) = postSolution
		{EDFB23B4-AD2B-4976-9560-3189E7EB1364}.Debug|Any CPU.ActiveCfg = Debug|Any CPU
		{EDFB23B4-AD2B-4976-9560-3189E7EB1364}.Debug|Any CPU.Build.0 = Debug|Any CPU
		{EDFB23B4-AD2B-4976-9560-3189E7EB1364}.Release|Any CPU.ActiveCfg = Release|Any CPU
		{EDFB23B4-AD2B-4976-9560-3189E7EB1364}.Release|Any CPU.Build.0 = Release|Any CPU
		{297CE49A-975C-4820-8751-1FD4EED06BA7}.Debug|Any CPU.ActiveCfg = Debug|Any CPU
		{297CE49A-975C-4820-8751-1FD4EED06BA7}.Debug|Any CPU.Build.0 = Debug|Any CPU
		{297CE49A-975C-4820-8751-1FD4EED06BA7}.Release|Any CPU.ActiveCfg = Release|Any CPU
		{297CE49A-975C-4820-8751-1FD4EED06BA7}.Release|Any CPU.Build.0 = Release|Any CPU
		{B23818D5-1BCA-48E1-9A83-C89242F66DF0}.Debug|Any CPU.ActiveCfg = Debug|Any CPU
		{B23818D5-1BCA-48E1-9A83-C89242F66DF0}.Debug|Any CPU.Build.0 = Debug|Any CPU
		{B23818D5-1BCA-48E1-9A83-C89242F66DF0}.Release|Any CPU.ActiveCfg = Release|Any CPU
		{B23818D5-1BCA-48E1-9A83-C89242F66DF0}.Release|Any CPU.Build.0 = Release|Any CPU
		{E8732D58-9206-43C8-A728-B09743E11DFE}.Debug|Any CPU.ActiveCfg = Debug|Any CPU
		{E8732D58-9206-43C8-A728-B09743E11DFE}.Debug|Any CPU.Build.0 = Debug|Any CPU
		{E8732D58-9206-43C8-A728-B09743E11DFE}.Release|Any CPU.ActiveCfg = Release|Any CPU
		{E8732D58-9206-43C8-A728-B09743E11DFE}.Release|Any CPU.Build.0 = Release|Any CPU
		{F444484D-1C57-4006-89D5-F9EC6649B15D}.Debug|Any CPU.ActiveCfg = Debug|Any CPU
		{F444484D-1C57-4006-89D5-F9EC6649B15D}.Debug|Any CPU.Build.0 = Debug|Any CPU
		{F444484D-1C57-4006-89D5-F9EC6649B15D}.Release|Any CPU.ActiveCfg = Release|Any CPU
		{F444484D-1C57-4006-89D5-F9EC6649B15D}.Release|Any CPU.Build.0 = Release|Any CPU
		{58AB03E7-85C2-453D-929A-624E704DD718}.Debug|Any CPU.ActiveCfg = Debug|Any CPU
		{58AB03E7-85C2-453D-929A-624E704DD718}.Debug|Any CPU.Build.0 = Debug|Any CPU
		{58AB03E7-85C2-453D-929A-624E704DD718}.Release|Any CPU.ActiveCfg = Release|Any CPU
		{58AB03E7-85C2-453D-929A-624E704DD718}.Release|Any CPU.Build.0 = Release|Any CPU
		{20AD564F-CE45-413C-AA82-9E61280E65FD}.Debug|Any CPU.ActiveCfg = Debug|Any CPU
		{20AD564F-CE45-413C-AA82-9E61280E65FD}.Debug|Any CPU.Build.0 = Debug|Any CPU
		{20AD564F-CE45-413C-AA82-9E61280E65FD}.Release|Any CPU.ActiveCfg = Release|Any CPU
		{20AD564F-CE45-413C-AA82-9E61280E65FD}.Release|Any CPU.Build.0 = Release|Any CPU
		{9DE63EAA-FBFA-4A4C-978F-B73D2ABA287E}.Debug|Any CPU.ActiveCfg = Debug|Any CPU
		{9DE63EAA-FBFA-4A4C-978F-B73D2ABA287E}.Debug|Any CPU.Build.0 = Debug|Any CPU
		{9DE63EAA-FBFA-4A4C-978F-B73D2ABA287E}.Release|Any CPU.ActiveCfg = Release|Any CPU
		{9DE63EAA-FBFA-4A4C-978F-B73D2ABA287E}.Release|Any CPU.Build.0 = Release|Any CPU
		{83D96E1C-A474-466B-9D15-A90C0527C43E}.Debug|Any CPU.ActiveCfg = Debug|Any CPU
		{83D96E1C-A474-466B-9D15-A90C0527C43E}.Debug|Any CPU.Build.0 = Debug|Any CPU
		{83D96E1C-A474-466B-9D15-A90C0527C43E}.Release|Any CPU.ActiveCfg = Release|Any CPU
		{83D96E1C-A474-466B-9D15-A90C0527C43E}.Release|Any CPU.Build.0 = Release|Any CPU
		{A5CFCE4F-1B6F-403A-B1DC-2BD411CBBD1F}.Debug|Any CPU.ActiveCfg = Debug|Any CPU
		{A5CFCE4F-1B6F-403A-B1DC-2BD411CBBD1F}.Debug|Any CPU.Build.0 = Debug|Any CPU
		{A5CFCE4F-1B6F-403A-B1DC-2BD411CBBD1F}.Release|Any CPU.ActiveCfg = Release|Any CPU
		{A5CFCE4F-1B6F-403A-B1DC-2BD411CBBD1F}.Release|Any CPU.Build.0 = Release|Any CPU
		{0FAEC473-9458-4C4F-9DE1-DE73B2E6D460}.Debug|Any CPU.ActiveCfg = Debug|Any CPU
		{0FAEC473-9458-4C4F-9DE1-DE73B2E6D460}.Debug|Any CPU.Build.0 = Debug|Any CPU
		{0FAEC473-9458-4C4F-9DE1-DE73B2E6D460}.Release|Any CPU.ActiveCfg = Release|Any CPU
		{0FAEC473-9458-4C4F-9DE1-DE73B2E6D460}.Release|Any CPU.Build.0 = Release|Any CPU
		{1A0222F1-CC11-4788-BDDF-A749304D5293}.Debug|Any CPU.ActiveCfg = Debug|Any CPU
		{1A0222F1-CC11-4788-BDDF-A749304D5293}.Debug|Any CPU.Build.0 = Debug|Any CPU
		{1A0222F1-CC11-4788-BDDF-A749304D5293}.Release|Any CPU.ActiveCfg = Release|Any CPU
		{1A0222F1-CC11-4788-BDDF-A749304D5293}.Release|Any CPU.Build.0 = Release|Any CPU
		{C57F9C4B-FB74-44AE-BE6D-5C30809ABFC5}.Debug|Any CPU.ActiveCfg = Debug|Any CPU
		{C57F9C4B-FB74-44AE-BE6D-5C30809ABFC5}.Debug|Any CPU.Build.0 = Debug|Any CPU
		{C57F9C4B-FB74-44AE-BE6D-5C30809ABFC5}.Release|Any CPU.ActiveCfg = Release|Any CPU
		{C57F9C4B-FB74-44AE-BE6D-5C30809ABFC5}.Release|Any CPU.Build.0 = Release|Any CPU
		{95D60A31-D01E-4E9D-A2C9-D7B042F955BE}.Debug|Any CPU.ActiveCfg = Debug|Any CPU
		{95D60A31-D01E-4E9D-A2C9-D7B042F955BE}.Debug|Any CPU.Build.0 = Debug|Any CPU
		{95D60A31-D01E-4E9D-A2C9-D7B042F955BE}.Release|Any CPU.ActiveCfg = Release|Any CPU
		{95D60A31-D01E-4E9D-A2C9-D7B042F955BE}.Release|Any CPU.Build.0 = Release|Any CPU
		{EBBEF8FC-D42E-48AD-9943-61821BF4703C}.Debug|Any CPU.ActiveCfg = Debug|Any CPU
		{EBBEF8FC-D42E-48AD-9943-61821BF4703C}.Debug|Any CPU.Build.0 = Debug|Any CPU
		{EBBEF8FC-D42E-48AD-9943-61821BF4703C}.Release|Any CPU.ActiveCfg = Release|Any CPU
		{EBBEF8FC-D42E-48AD-9943-61821BF4703C}.Release|Any CPU.Build.0 = Release|Any CPU
		{65FE2731-B4BF-4E2E-BE7A-1E61C068B65A}.Debug|Any CPU.ActiveCfg = Debug|Any CPU
		{65FE2731-B4BF-4E2E-BE7A-1E61C068B65A}.Debug|Any CPU.Build.0 = Debug|Any CPU
		{65FE2731-B4BF-4E2E-BE7A-1E61C068B65A}.Release|Any CPU.ActiveCfg = Release|Any CPU
		{65FE2731-B4BF-4E2E-BE7A-1E61C068B65A}.Release|Any CPU.Build.0 = Release|Any CPU
		{9CC83EDD-1D5B-4016-97EA-FDB023E5F0B7}.Debug|Any CPU.ActiveCfg = Debug|Any CPU
		{9CC83EDD-1D5B-4016-97EA-FDB023E5F0B7}.Debug|Any CPU.Build.0 = Debug|Any CPU
		{9CC83EDD-1D5B-4016-97EA-FDB023E5F0B7}.Release|Any CPU.ActiveCfg = Release|Any CPU
		{9CC83EDD-1D5B-4016-97EA-FDB023E5F0B7}.Release|Any CPU.Build.0 = Release|Any CPU
		{530D0720-06B7-41F1-A820-8BD8FEFFB0DC}.Debug|Any CPU.ActiveCfg = Debug|Any CPU
		{530D0720-06B7-41F1-A820-8BD8FEFFB0DC}.Debug|Any CPU.Build.0 = Debug|Any CPU
		{530D0720-06B7-41F1-A820-8BD8FEFFB0DC}.Release|Any CPU.ActiveCfg = Release|Any CPU
		{530D0720-06B7-41F1-A820-8BD8FEFFB0DC}.Release|Any CPU.Build.0 = Release|Any CPU
		{349BC5BD-B982-4F24-9601-68D21D59E7E9}.Debug|Any CPU.ActiveCfg = Debug|Any CPU
		{349BC5BD-B982-4F24-9601-68D21D59E7E9}.Debug|Any CPU.Build.0 = Debug|Any CPU
		{349BC5BD-B982-4F24-9601-68D21D59E7E9}.Release|Any CPU.ActiveCfg = Release|Any CPU
		{349BC5BD-B982-4F24-9601-68D21D59E7E9}.Release|Any CPU.Build.0 = Release|Any CPU
		{FFEB7DF2-C8EB-4C8E-ADA5-4FD554FD0E6A}.Debug|Any CPU.ActiveCfg = Debug|Any CPU
		{FFEB7DF2-C8EB-4C8E-ADA5-4FD554FD0E6A}.Debug|Any CPU.Build.0 = Debug|Any CPU
		{FFEB7DF2-C8EB-4C8E-ADA5-4FD554FD0E6A}.Release|Any CPU.ActiveCfg = Release|Any CPU
		{FFEB7DF2-C8EB-4C8E-ADA5-4FD554FD0E6A}.Release|Any CPU.Build.0 = Release|Any CPU
		{D78B2A0A-32DA-43CA-BEBD-61AA70EA3891}.Debug|Any CPU.ActiveCfg = Debug|Any CPU
		{D78B2A0A-32DA-43CA-BEBD-61AA70EA3891}.Debug|Any CPU.Build.0 = Debug|Any CPU
		{D78B2A0A-32DA-43CA-BEBD-61AA70EA3891}.Release|Any CPU.ActiveCfg = Release|Any CPU
		{D78B2A0A-32DA-43CA-BEBD-61AA70EA3891}.Release|Any CPU.Build.0 = Release|Any CPU
		{49999D46-D29C-4C5E-AA88-EED01558DAF8}.Debug|Any CPU.ActiveCfg = Debug|Any CPU
		{49999D46-D29C-4C5E-AA88-EED01558DAF8}.Debug|Any CPU.Build.0 = Debug|Any CPU
		{49999D46-D29C-4C5E-AA88-EED01558DAF8}.Release|Any CPU.ActiveCfg = Release|Any CPU
		{49999D46-D29C-4C5E-AA88-EED01558DAF8}.Release|Any CPU.Build.0 = Release|Any CPU
		{48A0DEB5-D873-4DB2-998B-20FD2446D39F}.Debug|Any CPU.ActiveCfg = Debug|Any CPU
		{48A0DEB5-D873-4DB2-998B-20FD2446D39F}.Debug|Any CPU.Build.0 = Debug|Any CPU
		{48A0DEB5-D873-4DB2-998B-20FD2446D39F}.Release|Any CPU.ActiveCfg = Release|Any CPU
		{48A0DEB5-D873-4DB2-998B-20FD2446D39F}.Release|Any CPU.Build.0 = Release|Any CPU
		{587D9621-1EA3-45BF-9603-25CC643DC4E5}.Debug|Any CPU.ActiveCfg = Debug|Any CPU
		{587D9621-1EA3-45BF-9603-25CC643DC4E5}.Debug|Any CPU.Build.0 = Debug|Any CPU
		{587D9621-1EA3-45BF-9603-25CC643DC4E5}.Release|Any CPU.ActiveCfg = Release|Any CPU
		{587D9621-1EA3-45BF-9603-25CC643DC4E5}.Release|Any CPU.Build.0 = Release|Any CPU
		{C92AF2B0-BB99-4984-A896-6F66315BAA95}.Debug|Any CPU.ActiveCfg = Debug|Any CPU
		{C92AF2B0-BB99-4984-A896-6F66315BAA95}.Debug|Any CPU.Build.0 = Debug|Any CPU
		{C92AF2B0-BB99-4984-A896-6F66315BAA95}.Release|Any CPU.ActiveCfg = Release|Any CPU
		{C92AF2B0-BB99-4984-A896-6F66315BAA95}.Release|Any CPU.Build.0 = Release|Any CPU
	EndGlobalSection
	GlobalSection(SolutionProperties) = preSolution
		HideSolutionNode = FALSE
	EndGlobalSection
	GlobalSection(ExtensibilityGlobals) = postSolution
		SolutionGuid = {7FF8E00D-7528-411A-B1E5-C9B971D2AB92}
	EndGlobalSection
EndGlobal
