
Microsoft Visual Studio Solution File, Format Version 12.00
# Visual Studio Version 16
VisualStudioVersion = 16.0.31105.61
MinimumVisualStudioVersion = 10.0.40219.1
Project("{FAE04EC0-301F-11D3-BF4B-00C04F79EFBC}") = "Ejercicio 01", "Ejercicio 1\Ejercicio 01.csproj", "{C1DF3A17-7B91-47CB-B75C-52FED01C198C}"
EndProject
Project("{FAE04EC0-301F-11D3-BF4B-00C04F79EFBC}") = "Ejercicio 02", "Ejercicio 02\Ejercicio 02.csproj", "{36E6B737-FC59-4AB1-8683-5FABA300F1E1}"
EndProject
Project("{FAE04EC0-301F-11D3-BF4B-00C04F79EFBC}") = "Ejercicio_03", "Ejercicio_03\Ejercicio_03.csproj", "{1901150F-FA58-4433-AD26-36B079E1D707}"
EndProject
Project("{FAE04EC0-301F-11D3-BF4B-00C04F79EFBC}") = "Ejercicio_04", "Ejercicio_04\Ejercicio_04.csproj", "{7709A80E-BF89-4264-B248-7EBF86A1C1D4}"
EndProject
Project("{FAE04EC0-301F-11D3-BF4B-00C04F79EFBC}") = "Ejercicio_05", "Ejercicio_05\Ejercicio_05.csproj", "{077AC410-1FD0-4364-92EE-9652917B1EB3}"
EndProject
Project("{FAE04EC0-301F-11D3-BF4B-00C04F79EFBC}") = "Ejercicio_06", "Ejercicio_06\Ejercicio_06.csproj", "{605622EC-CA7F-4EF1-9AFD-FD1F13CFECAD}"
EndProject
Project("{FAE04EC0-301F-11D3-BF4B-00C04F79EFBC}") = "Ejercicio_07", "Ejercicio_07\Ejercicio_07.csproj", "{65999BF5-AD66-43C1-AF9F-27A9337955A7}"
EndProject
Project("{FAE04EC0-301F-11D3-BF4B-00C04F79EFBC}") = "Ejercicio_09", "Ejercicio_09\Ejercicio_09.csproj", "{BBBC757D-D331-43E8-BED1-FFF54C7CD8AD}"
EndProject
Project("{FAE04EC0-301F-11D3-BF4B-00C04F79EFBC}") = "Ejercicio_08", "Ejercicio_08\Ejercicio_08.csproj", "{F1D7965D-4370-47DA-81C5-9E1B02D6808F}"
EndProject
Project("{FAE04EC0-301F-11D3-BF4B-00C04F79EFBC}") = "Ejercicio_10", "Ejercicio_10\Ejercicio_10.csproj", "{25D83033-9BE4-4053-80EB-BB0485F5A628}"
EndProject
Project("{FAE04EC0-301F-11D3-BF4B-00C04F79EFBC}") = "Ejercicio_11", "Ejercicio_11\Ejercicio_11.csproj", "{7FBF53F6-C0DF-4274-BCE0-D16CAD86EFF0}"
EndProject
Project("{FAE04EC0-301F-11D3-BF4B-00C04F79EFBC}") = "Ejercicio_12", "Ejercicio_12\Ejercicio_12.csproj", "{3330D8C1-B3B2-4197-A7AD-D12BA96003C3}"
EndProject
Project("{FAE04EC0-301F-11D3-BF4B-00C04F79EFBC}") = "Ejercicio_13", "Ejercicio_13\Ejercicio_13.csproj", "{EB674870-5C59-4037-8EE0-48BAC0F359D0}"
EndProject
Project("{FAE04EC0-301F-11D3-BF4B-00C04F79EFBC}") = "Ejercicio_14", "Ejercicio_14\Ejercicio_14.csproj", "{5B4751D0-9DA6-4A6A-8519-A7BC0B3F149D}"
EndProject
Project("{FAE04EC0-301F-11D3-BF4B-00C04F79EFBC}") = "Ejercicio_15", "Ejercicio_15\Ejercicio_15.csproj", "{9534A003-8016-4B0E-9031-EC6F6413D753}"
EndProject
Project("{FAE04EC0-301F-11D3-BF4B-00C04F79EFBC}") = "Ejercicio_16", "Ejercicio_16\Ejercicio_16.csproj", "{A8BE0A69-3683-41D3-87A4-8050EA1A350E}"
EndProject
Project("{FAE04EC0-301F-11D3-BF4B-00C04F79EFBC}") = "Ejercicio_17", "Ejercicio_17\Ejercicio_17.csproj", "{3F41EA27-6F85-467A-945D-15DEAFF1752A}"
EndProject
Project("{FAE04EC0-301F-11D3-BF4B-00C04F79EFBC}") = "Ejercicio_19", "Ejercicio_19\Ejercicio_19.csproj", "{735F47AC-8328-4058-9D8C-F14047B94ECD}"
EndProject
Project("{FAE04EC0-301F-11D3-BF4B-00C04F79EFBC}") = "Ejercicio_20", "Ejercicio_20\Ejercicio_20.csproj", "{5F59B059-FA4A-49C9-A221-869BDC17904D}"
EndProject
Project("{FAE04EC0-301F-11D3-BF4B-00C04F79EFBC}") = "Billetes", "Billetes\Billetes.csproj", "{09F56C97-6AE9-480D-AD7F-D09CCF7EFFA0}"
EndProject
Project("{FAE04EC0-301F-11D3-BF4B-00C04F79EFBC}") = "Ejercicio_23", "Ejercicio_23\Ejercicio_23.csproj", "{1841CF97-C685-41E9-A21B-46CC8324E4E7}"
EndProject
Project("{FAE04EC0-301F-11D3-BF4B-00C04F79EFBC}") = "RepasoParcial", "RepasoParcial\RepasoParcial.csproj", "{EEF372DF-43D1-41A4-BDCE-1F640FCAE46A}"
EndProject
Project("{FAE04EC0-301F-11D3-BF4B-00C04F79EFBC}") = "RepasoParcial_TestEstante", "RepasoParcial_TestEstante\RepasoParcial_TestEstante.csproj", "{888BB20E-9F87-4EB7-8927-C5CA1492FED3}"
EndProject
Global
	GlobalSection(SolutionConfigurationPlatforms) = preSolution
		Debug|Any CPU = Debug|Any CPU
		Release|Any CPU = Release|Any CPU
	EndGlobalSection
	GlobalSection(ProjectConfigurationPlatforms) = postSolution
		{C1DF3A17-7B91-47CB-B75C-52FED01C198C}.Debug|Any CPU.ActiveCfg = Debug|Any CPU
		{C1DF3A17-7B91-47CB-B75C-52FED01C198C}.Debug|Any CPU.Build.0 = Debug|Any CPU
		{C1DF3A17-7B91-47CB-B75C-52FED01C198C}.Release|Any CPU.ActiveCfg = Release|Any CPU
		{C1DF3A17-7B91-47CB-B75C-52FED01C198C}.Release|Any CPU.Build.0 = Release|Any CPU
		{36E6B737-FC59-4AB1-8683-5FABA300F1E1}.Debug|Any CPU.ActiveCfg = Debug|Any CPU
		{36E6B737-FC59-4AB1-8683-5FABA300F1E1}.Debug|Any CPU.Build.0 = Debug|Any CPU
		{36E6B737-FC59-4AB1-8683-5FABA300F1E1}.Release|Any CPU.ActiveCfg = Release|Any CPU
		{36E6B737-FC59-4AB1-8683-5FABA300F1E1}.Release|Any CPU.Build.0 = Release|Any CPU
		{1901150F-FA58-4433-AD26-36B079E1D707}.Debug|Any CPU.ActiveCfg = Debug|Any CPU
		{1901150F-FA58-4433-AD26-36B079E1D707}.Debug|Any CPU.Build.0 = Debug|Any CPU
		{1901150F-FA58-4433-AD26-36B079E1D707}.Release|Any CPU.ActiveCfg = Release|Any CPU
		{1901150F-FA58-4433-AD26-36B079E1D707}.Release|Any CPU.Build.0 = Release|Any CPU
		{7709A80E-BF89-4264-B248-7EBF86A1C1D4}.Debug|Any CPU.ActiveCfg = Debug|Any CPU
		{7709A80E-BF89-4264-B248-7EBF86A1C1D4}.Debug|Any CPU.Build.0 = Debug|Any CPU
		{7709A80E-BF89-4264-B248-7EBF86A1C1D4}.Release|Any CPU.ActiveCfg = Release|Any CPU
		{7709A80E-BF89-4264-B248-7EBF86A1C1D4}.Release|Any CPU.Build.0 = Release|Any CPU
		{077AC410-1FD0-4364-92EE-9652917B1EB3}.Debug|Any CPU.ActiveCfg = Debug|Any CPU
		{077AC410-1FD0-4364-92EE-9652917B1EB3}.Debug|Any CPU.Build.0 = Debug|Any CPU
		{077AC410-1FD0-4364-92EE-9652917B1EB3}.Release|Any CPU.ActiveCfg = Release|Any CPU
		{077AC410-1FD0-4364-92EE-9652917B1EB3}.Release|Any CPU.Build.0 = Release|Any CPU
		{605622EC-CA7F-4EF1-9AFD-FD1F13CFECAD}.Debug|Any CPU.ActiveCfg = Debug|Any CPU
		{605622EC-CA7F-4EF1-9AFD-FD1F13CFECAD}.Debug|Any CPU.Build.0 = Debug|Any CPU
		{605622EC-CA7F-4EF1-9AFD-FD1F13CFECAD}.Release|Any CPU.ActiveCfg = Release|Any CPU
		{605622EC-CA7F-4EF1-9AFD-FD1F13CFECAD}.Release|Any CPU.Build.0 = Release|Any CPU
		{65999BF5-AD66-43C1-AF9F-27A9337955A7}.Debug|Any CPU.ActiveCfg = Debug|Any CPU
		{65999BF5-AD66-43C1-AF9F-27A9337955A7}.Debug|Any CPU.Build.0 = Debug|Any CPU
		{65999BF5-AD66-43C1-AF9F-27A9337955A7}.Release|Any CPU.ActiveCfg = Release|Any CPU
		{65999BF5-AD66-43C1-AF9F-27A9337955A7}.Release|Any CPU.Build.0 = Release|Any CPU
		{BBBC757D-D331-43E8-BED1-FFF54C7CD8AD}.Debug|Any CPU.ActiveCfg = Debug|Any CPU
		{BBBC757D-D331-43E8-BED1-FFF54C7CD8AD}.Debug|Any CPU.Build.0 = Debug|Any CPU
		{BBBC757D-D331-43E8-BED1-FFF54C7CD8AD}.Release|Any CPU.ActiveCfg = Release|Any CPU
		{BBBC757D-D331-43E8-BED1-FFF54C7CD8AD}.Release|Any CPU.Build.0 = Release|Any CPU
		{F1D7965D-4370-47DA-81C5-9E1B02D6808F}.Debug|Any CPU.ActiveCfg = Debug|Any CPU
		{F1D7965D-4370-47DA-81C5-9E1B02D6808F}.Debug|Any CPU.Build.0 = Debug|Any CPU
		{F1D7965D-4370-47DA-81C5-9E1B02D6808F}.Release|Any CPU.ActiveCfg = Release|Any CPU
		{F1D7965D-4370-47DA-81C5-9E1B02D6808F}.Release|Any CPU.Build.0 = Release|Any CPU
		{25D83033-9BE4-4053-80EB-BB0485F5A628}.Debug|Any CPU.ActiveCfg = Debug|Any CPU
		{25D83033-9BE4-4053-80EB-BB0485F5A628}.Debug|Any CPU.Build.0 = Debug|Any CPU
		{25D83033-9BE4-4053-80EB-BB0485F5A628}.Release|Any CPU.ActiveCfg = Release|Any CPU
		{25D83033-9BE4-4053-80EB-BB0485F5A628}.Release|Any CPU.Build.0 = Release|Any CPU
		{7FBF53F6-C0DF-4274-BCE0-D16CAD86EFF0}.Debug|Any CPU.ActiveCfg = Debug|Any CPU
		{7FBF53F6-C0DF-4274-BCE0-D16CAD86EFF0}.Debug|Any CPU.Build.0 = Debug|Any CPU
		{7FBF53F6-C0DF-4274-BCE0-D16CAD86EFF0}.Release|Any CPU.ActiveCfg = Release|Any CPU
		{7FBF53F6-C0DF-4274-BCE0-D16CAD86EFF0}.Release|Any CPU.Build.0 = Release|Any CPU
		{3330D8C1-B3B2-4197-A7AD-D12BA96003C3}.Debug|Any CPU.ActiveCfg = Debug|Any CPU
		{3330D8C1-B3B2-4197-A7AD-D12BA96003C3}.Debug|Any CPU.Build.0 = Debug|Any CPU
		{3330D8C1-B3B2-4197-A7AD-D12BA96003C3}.Release|Any CPU.ActiveCfg = Release|Any CPU
		{3330D8C1-B3B2-4197-A7AD-D12BA96003C3}.Release|Any CPU.Build.0 = Release|Any CPU
		{EB674870-5C59-4037-8EE0-48BAC0F359D0}.Debug|Any CPU.ActiveCfg = Debug|Any CPU
		{EB674870-5C59-4037-8EE0-48BAC0F359D0}.Debug|Any CPU.Build.0 = Debug|Any CPU
		{EB674870-5C59-4037-8EE0-48BAC0F359D0}.Release|Any CPU.ActiveCfg = Release|Any CPU
		{EB674870-5C59-4037-8EE0-48BAC0F359D0}.Release|Any CPU.Build.0 = Release|Any CPU
		{5B4751D0-9DA6-4A6A-8519-A7BC0B3F149D}.Debug|Any CPU.ActiveCfg = Debug|Any CPU
		{5B4751D0-9DA6-4A6A-8519-A7BC0B3F149D}.Debug|Any CPU.Build.0 = Debug|Any CPU
		{5B4751D0-9DA6-4A6A-8519-A7BC0B3F149D}.Release|Any CPU.ActiveCfg = Release|Any CPU
		{5B4751D0-9DA6-4A6A-8519-A7BC0B3F149D}.Release|Any CPU.Build.0 = Release|Any CPU
		{9534A003-8016-4B0E-9031-EC6F6413D753}.Debug|Any CPU.ActiveCfg = Debug|Any CPU
		{9534A003-8016-4B0E-9031-EC6F6413D753}.Debug|Any CPU.Build.0 = Debug|Any CPU
		{9534A003-8016-4B0E-9031-EC6F6413D753}.Release|Any CPU.ActiveCfg = Release|Any CPU
		{9534A003-8016-4B0E-9031-EC6F6413D753}.Release|Any CPU.Build.0 = Release|Any CPU
		{A8BE0A69-3683-41D3-87A4-8050EA1A350E}.Debug|Any CPU.ActiveCfg = Debug|Any CPU
		{A8BE0A69-3683-41D3-87A4-8050EA1A350E}.Debug|Any CPU.Build.0 = Debug|Any CPU
		{A8BE0A69-3683-41D3-87A4-8050EA1A350E}.Release|Any CPU.ActiveCfg = Release|Any CPU
		{A8BE0A69-3683-41D3-87A4-8050EA1A350E}.Release|Any CPU.Build.0 = Release|Any CPU
		{3F41EA27-6F85-467A-945D-15DEAFF1752A}.Debug|Any CPU.ActiveCfg = Debug|Any CPU
		{3F41EA27-6F85-467A-945D-15DEAFF1752A}.Debug|Any CPU.Build.0 = Debug|Any CPU
		{3F41EA27-6F85-467A-945D-15DEAFF1752A}.Release|Any CPU.ActiveCfg = Release|Any CPU
		{3F41EA27-6F85-467A-945D-15DEAFF1752A}.Release|Any CPU.Build.0 = Release|Any CPU
		{735F47AC-8328-4058-9D8C-F14047B94ECD}.Debug|Any CPU.ActiveCfg = Debug|Any CPU
		{735F47AC-8328-4058-9D8C-F14047B94ECD}.Debug|Any CPU.Build.0 = Debug|Any CPU
		{735F47AC-8328-4058-9D8C-F14047B94ECD}.Release|Any CPU.ActiveCfg = Release|Any CPU
		{735F47AC-8328-4058-9D8C-F14047B94ECD}.Release|Any CPU.Build.0 = Release|Any CPU
		{5F59B059-FA4A-49C9-A221-869BDC17904D}.Debug|Any CPU.ActiveCfg = Debug|Any CPU
		{5F59B059-FA4A-49C9-A221-869BDC17904D}.Debug|Any CPU.Build.0 = Debug|Any CPU
		{5F59B059-FA4A-49C9-A221-869BDC17904D}.Release|Any CPU.ActiveCfg = Release|Any CPU
		{5F59B059-FA4A-49C9-A221-869BDC17904D}.Release|Any CPU.Build.0 = Release|Any CPU
		{09F56C97-6AE9-480D-AD7F-D09CCF7EFFA0}.Debug|Any CPU.ActiveCfg = Debug|Any CPU
		{09F56C97-6AE9-480D-AD7F-D09CCF7EFFA0}.Debug|Any CPU.Build.0 = Debug|Any CPU
		{09F56C97-6AE9-480D-AD7F-D09CCF7EFFA0}.Release|Any CPU.ActiveCfg = Release|Any CPU
		{09F56C97-6AE9-480D-AD7F-D09CCF7EFFA0}.Release|Any CPU.Build.0 = Release|Any CPU
		{1841CF97-C685-41E9-A21B-46CC8324E4E7}.Debug|Any CPU.ActiveCfg = Debug|Any CPU
		{1841CF97-C685-41E9-A21B-46CC8324E4E7}.Debug|Any CPU.Build.0 = Debug|Any CPU
		{1841CF97-C685-41E9-A21B-46CC8324E4E7}.Release|Any CPU.ActiveCfg = Release|Any CPU
		{1841CF97-C685-41E9-A21B-46CC8324E4E7}.Release|Any CPU.Build.0 = Release|Any CPU
		{EEF372DF-43D1-41A4-BDCE-1F640FCAE46A}.Debug|Any CPU.ActiveCfg = Debug|Any CPU
		{EEF372DF-43D1-41A4-BDCE-1F640FCAE46A}.Debug|Any CPU.Build.0 = Debug|Any CPU
		{EEF372DF-43D1-41A4-BDCE-1F640FCAE46A}.Release|Any CPU.ActiveCfg = Release|Any CPU
		{EEF372DF-43D1-41A4-BDCE-1F640FCAE46A}.Release|Any CPU.Build.0 = Release|Any CPU
		{888BB20E-9F87-4EB7-8927-C5CA1492FED3}.Debug|Any CPU.ActiveCfg = Debug|Any CPU
		{888BB20E-9F87-4EB7-8927-C5CA1492FED3}.Debug|Any CPU.Build.0 = Debug|Any CPU
		{888BB20E-9F87-4EB7-8927-C5CA1492FED3}.Release|Any CPU.ActiveCfg = Release|Any CPU
		{888BB20E-9F87-4EB7-8927-C5CA1492FED3}.Release|Any CPU.Build.0 = Release|Any CPU
	EndGlobalSection
	GlobalSection(SolutionProperties) = preSolution
		HideSolutionNode = FALSE
	EndGlobalSection
	GlobalSection(ExtensibilityGlobals) = postSolution
		SolutionGuid = {6C1B5DC4-8ADF-448E-B830-74DC4AE3D891}
	EndGlobalSection
EndGlobal
