
Microsoft Visual Studio Solution File, Format Version 12.00
# Visual Studio Version 16
VisualStudioVersion = 16.0.32802.440
MinimumVisualStudioVersion = 10.0.40219.1
Project("{FAE04EC0-301F-11D3-BF4B-00C04F79EFBC}") = "Ejercicio_ElRelojero", "Ejercicio_ElRelojero\Ejercicio_ElRelojero.csproj", "{04B41FF3-C230-4BC6-8FB4-3B31F5E288CD}"
EndProject
Global
	GlobalSection(SolutionConfigurationPlatforms) = preSolution
		Debug|Any CPU = Debug|Any CPU
		Release|Any CPU = Release|Any CPU
	EndGlobalSection
	GlobalSection(ProjectConfigurationPlatforms) = postSolution
		{04B41FF3-C230-4BC6-8FB4-3B31F5E288CD}.Debug|Any CPU.ActiveCfg = Debug|Any CPU
		{04B41FF3-C230-4BC6-8FB4-3B31F5E288CD}.Debug|Any CPU.Build.0 = Debug|Any CPU
		{04B41FF3-C230-4BC6-8FB4-3B31F5E288CD}.Release|Any CPU.ActiveCfg = Release|Any CPU
		{04B41FF3-C230-4BC6-8FB4-3B31F5E288CD}.Release|Any CPU.Build.0 = Release|Any CPU
	EndGlobalSection
	GlobalSection(SolutionProperties) = preSolution
		HideSolutionNode = FALSE
	EndGlobalSection
	GlobalSection(ExtensibilityGlobals) = postSolution
		SolutionGuid = {34AEA51D-9A69-4390-B831-B5F2D5754F7E}
	EndGlobalSection
EndGlobal
