
Microsoft Visual Studio Solution File, Format Version 12.00
# Visual Studio Version 16
VisualStudioVersion = 16.0.32802.440
MinimumVisualStudioVersion = 10.0.40219.1
Project("{FAE04EC0-301F-11D3-BF4B-00C04F79EFBC}") = "MisDatosEnArchivos", "MisDatosEnArchivos\MisDatosEnArchivos.csproj", "{2511DD7D-EB5B-47F5-BDA2-E6A1EF9ED7D6}"
EndProject
Project("{FAE04EC0-301F-11D3-BF4B-00C04F79EFBC}") = "Consola_Archivos", "Consola\Consola_Archivos.csproj", "{ED0E383B-D135-4636-AE57-30BD742D275F}"
EndProject
Project("{FAE04EC0-301F-11D3-BF4B-00C04F79EFBC}") = "Consola_Serializacion", "Consola_Serializacion\Consola_Serializacion.csproj", "{34BAF73A-2508-4A93-9D77-D6AF2C70EABD}"
EndProject
Global
	GlobalSection(SolutionConfigurationPlatforms) = preSolution
		Debug|Any CPU = Debug|Any CPU
		Release|Any CPU = Release|Any CPU
	EndGlobalSection
	GlobalSection(ProjectConfigurationPlatforms) = postSolution
		{2511DD7D-EB5B-47F5-BDA2-E6A1EF9ED7D6}.Debug|Any CPU.ActiveCfg = Debug|Any CPU
		{2511DD7D-EB5B-47F5-BDA2-E6A1EF9ED7D6}.Debug|Any CPU.Build.0 = Debug|Any CPU
		{2511DD7D-EB5B-47F5-BDA2-E6A1EF9ED7D6}.Release|Any CPU.ActiveCfg = Release|Any CPU
		{2511DD7D-EB5B-47F5-BDA2-E6A1EF9ED7D6}.Release|Any CPU.Build.0 = Release|Any CPU
		{ED0E383B-D135-4636-AE57-30BD742D275F}.Debug|Any CPU.ActiveCfg = Debug|Any CPU
		{ED0E383B-D135-4636-AE57-30BD742D275F}.Debug|Any CPU.Build.0 = Debug|Any CPU
		{ED0E383B-D135-4636-AE57-30BD742D275F}.Release|Any CPU.ActiveCfg = Release|Any CPU
		{ED0E383B-D135-4636-AE57-30BD742D275F}.Release|Any CPU.Build.0 = Release|Any CPU
		{34BAF73A-2508-4A93-9D77-D6AF2C70EABD}.Debug|Any CPU.ActiveCfg = Debug|Any CPU
		{34BAF73A-2508-4A93-9D77-D6AF2C70EABD}.Debug|Any CPU.Build.0 = Debug|Any CPU
		{34BAF73A-2508-4A93-9D77-D6AF2C70EABD}.Release|Any CPU.ActiveCfg = Release|Any CPU
		{34BAF73A-2508-4A93-9D77-D6AF2C70EABD}.Release|Any CPU.Build.0 = Release|Any CPU
	EndGlobalSection
	GlobalSection(SolutionProperties) = preSolution
		HideSolutionNode = FALSE
	EndGlobalSection
	GlobalSection(ExtensibilityGlobals) = postSolution
		SolutionGuid = {9BC535AE-960B-4095-9EE4-684EC1148ABF}
	EndGlobalSection
EndGlobal
